lockfileVersion: '6.0'

settings:
  autoInstallPeers: true
  excludeLinksFromLockfile: false

dependencies:
  flatry:
    specifier: ^1.0.14
    version: 1.0.14
  lodash:
    specifier: ^4.17.21
    version: 4.17.21
  raf-throttle:
    specifier: ^2.0.6
    version: 2.0.6
  storage-available:
    specifier: ^1.1.0
    version: 1.1.0

devDependencies:
  '@types/node':
    specifier: ^20.5.7
    version: 20.5.7

packages:

  /@types/node@20.5.7:
    resolution: {integrity: sha512-dP7f3LdZIysZnmvP3ANJYTSwg+wLLl8p7RqniVlV7j+oXSXAbt9h0WIBFmJy5inWZoX9wZN6eXx+YXd9Rh3RBA==}
    dev: true

  /flatry@1.0.14:
    resolution: {integrity: sha512-6YW4uLahZdZusQNNJQfcYD+I8I89Zu7CjM39T2ZlEc6RDOEUfJY0AYmCvckuRZmPtCg5WRnLBn/+6jN3FoLmTA==}
    dev: false

  /lodash@4.17.21:
    resolution: {integrity: sha512-v2kDEe57lecTulaDIuNTPy3Ry4gLGJ6Z1O3vE1krgXZNrsQ+LFTGHVxVjcXPs17LhbZVGedAJv8XZ1tvj5FvSg==}
    dev: false

  /raf-throttle@2.0.6:
    resolution: {integrity: sha512-C7W6hy78A+vMmk5a/B6C5szjBHrUzWJkVyakjKCK59Uy2CcA7KhO1JUvvH32IXYFIcyJ3FMKP3ZzCc2/71I6Vg==}
    dev: false

  /storage-available@1.1.0:
    resolution: {integrity: sha512-uFHjhmUxyxjEhoEl2sB+ogNWpPoFihk59cfSzPs0wXcCVRtpRti7u3G0O3VEyUuJJIg0oj0g7VGldsNSuhOoqQ==}
    dev: false
